
Microsoft Visual Studio Solution File, Format Version 12.00
# Visual Studio Version 17
VisualStudioVersion = 17.5.002.0
MinimumVisualStudioVersion = 10.0.40219.1
Project("{9A19103F-16F7-4668-BE54-9A1E7A4F7556}") = "random math quiz", "random math quiz.csproj", "{50A5F384-A9E4-46B5-A418-6B74E023EC8E}"
EndProject
Global
	GlobalSection(SolutionConfigurationPlatforms) = preSolution
		Debug|Any CPU = Debug|Any CPU
		Release|Any CPU = Release|Any CPU
	EndGlobalSection
	GlobalSection(ProjectConfigurationPlatforms) = postSolution
		{50A5F384-A9E4-46B5-A418-6B74E023EC8E}.Debug|Any CPU.ActiveCfg = Debug|Any CPU
		{50A5F384-A9E4-46B5-A418-6B74E023EC8E}.Debug|Any CPU.Build.0 = Debug|Any CPU
		{50A5F384-A9E4-46B5-A418-6B74E023EC8E}.Release|Any CPU.ActiveCfg = Release|Any CPU
		{50A5F384-A9E4-46B5-A418-6B74E023EC8E}.Release|Any CPU.Build.0 = Release|Any CPU
	EndGlobalSection
	GlobalSection(SolutionProperties) = preSolution
		HideSolutionNode = FALSE
	EndGlobalSection
	GlobalSection(ExtensibilityGlobals) = postSolution
		SolutionGuid = {B33E6820-EACA-4725-A339-122217A3ECED}
	EndGlobalSection
EndGlobal
